
Microsoft Visual Studio Solution File, Format Version 12.00
# Visual Studio Version 16
VisualStudioVersion = 16.0.30523.141
MinimumVisualStudioVersion = 10.0.40219.1
Project("{FAE04EC0-301F-11D3-BF4B-00C04F79EFBC}") = "feladat12_01", "feladat12_1\feladat12_01.csproj", "{DDDE47C1-8777-419C-B0D3-B60590970D75}"
EndProject
Project("{FAE04EC0-301F-11D3-BF4B-00C04F79EFBC}") = "feladat12_02", "feladat12_2\feladat12_02.csproj", "{B1614BB1-62D2-4D29-B92D-52C7C3F1DF43}"
EndProject
Project("{FAE04EC0-301F-11D3-BF4B-00C04F79EFBC}") = "feladat12_03", "feladat12_3\feladat12_03.csproj", "{7A76504A-51D8-446D-AA7D-00EC4A19915A}"
EndProject
Project("{FAE04EC0-301F-11D3-BF4B-00C04F79EFBC}") = "feladat12_04", "feladat12_4\feladat12_04.csproj", "{4906B405-E2E3-4B25-A0A4-B36812E0A515}"
EndProject
Project("{FAE04EC0-301F-11D3-BF4B-00C04F79EFBC}") = "feladat12_05", "feladat12_5\feladat12_05.csproj", "{C40FFEE7-BB09-4F96-BDE2-930AC9908174}"
EndProject
Project("{FAE04EC0-301F-11D3-BF4B-00C04F79EFBC}") = "feladat12_06", "feladat12_6\feladat12_06.csproj", "{BD6B5555-582F-4B3C-89B7-EBC20F5FEF91}"
EndProject
Project("{FAE04EC0-301F-11D3-BF4B-00C04F79EFBC}") = "feladat12_07", "feladat12_7\feladat12_07.csproj", "{39060BF3-28E0-49FE-8CB6-A92683FFA49A}"
EndProject
Project("{FAE04EC0-301F-11D3-BF4B-00C04F79EFBC}") = "feladat12_08", "feladat12_8\feladat12_08.csproj", "{B6135461-89CE-4736-9CAB-133C3D575AB9}"
EndProject
Project("{FAE04EC0-301F-11D3-BF4B-00C04F79EFBC}") = "feladat12_09", "feladat12_9\feladat12_09.csproj", "{CA8AAFB5-E447-48AB-B289-7BC8151A92D6}"
EndProject
Project("{FAE04EC0-301F-11D3-BF4B-00C04F79EFBC}") = "feladat12_10", "feladat12_10\feladat12_10.csproj", "{FD54586C-EB27-4E3D-8227-3E2CF516AE66}"
EndProject
Project("{FAE04EC0-301F-11D3-BF4B-00C04F79EFBC}") = "feladat12_11", "feladat12_11\feladat12_11.csproj", "{51112942-509F-40A8-87BB-142DF605602B}"
EndProject
Project("{FAE04EC0-301F-11D3-BF4B-00C04F79EFBC}") = "feladat12_12", "feladat12_12\feladat12_12.csproj", "{2BF6B02C-5823-4BB8-B368-818E5BF110B4}"
EndProject
Project("{FAE04EC0-301F-11D3-BF4B-00C04F79EFBC}") = "feladat12_13", "feladat12_13\feladat12_13.csproj", "{2F43F4C6-2E66-4423-8F76-E53C0A3ABFF1}"
EndProject
Project("{FAE04EC0-301F-11D3-BF4B-00C04F79EFBC}") = "feladat12_14", "feladat12_14\feladat12_14.csproj", "{86DE0C63-B4DE-406F-9D27-49AD6D78687B}"
EndProject
Project("{FAE04EC0-301F-11D3-BF4B-00C04F79EFBC}") = "feladat12_15", "feladat12_15\feladat12_15.csproj", "{ED9D51C0-72C6-4944-8CD5-38D9B2FE2725}"
EndProject
Project("{FAE04EC0-301F-11D3-BF4B-00C04F79EFBC}") = "feladat13_01", "feladat13_01\feladat13_01.csproj", "{C7FA7989-A117-4282-B78F-26031D81B130}"
EndProject
Project("{FAE04EC0-301F-11D3-BF4B-00C04F79EFBC}") = "feladat13_02", "feladat13_02\feladat13_02.csproj", "{97C3E9A4-6B47-4F3D-9C4E-E69AC7571421}"
EndProject
Project("{FAE04EC0-301F-11D3-BF4B-00C04F79EFBC}") = "feladat13_03", "feladat13_03\feladat13_03.csproj", "{8B534AEA-FC1D-49D0-BA91-D989B09D1B40}"
EndProject
Project("{FAE04EC0-301F-11D3-BF4B-00C04F79EFBC}") = "feladat13_04", "feladat13_04\feladat13_04.csproj", "{36A37E47-5756-4A60-82DD-489758681AC8}"
EndProject
Global
	GlobalSection(SolutionConfigurationPlatforms) = preSolution
		Debug|Any CPU = Debug|Any CPU
		Release|Any CPU = Release|Any CPU
	EndGlobalSection
	GlobalSection(ProjectConfigurationPlatforms) = postSolution
		{DDDE47C1-8777-419C-B0D3-B60590970D75}.Debug|Any CPU.ActiveCfg = Debug|Any CPU
		{DDDE47C1-8777-419C-B0D3-B60590970D75}.Debug|Any CPU.Build.0 = Debug|Any CPU
		{DDDE47C1-8777-419C-B0D3-B60590970D75}.Release|Any CPU.ActiveCfg = Release|Any CPU
		{DDDE47C1-8777-419C-B0D3-B60590970D75}.Release|Any CPU.Build.0 = Release|Any CPU
		{B1614BB1-62D2-4D29-B92D-52C7C3F1DF43}.Debug|Any CPU.ActiveCfg = Debug|Any CPU
		{B1614BB1-62D2-4D29-B92D-52C7C3F1DF43}.Debug|Any CPU.Build.0 = Debug|Any CPU
		{B1614BB1-62D2-4D29-B92D-52C7C3F1DF43}.Release|Any CPU.ActiveCfg = Release|Any CPU
		{B1614BB1-62D2-4D29-B92D-52C7C3F1DF43}.Release|Any CPU.Build.0 = Release|Any CPU
		{7A76504A-51D8-446D-AA7D-00EC4A19915A}.Debug|Any CPU.ActiveCfg = Debug|Any CPU
		{7A76504A-51D8-446D-AA7D-00EC4A19915A}.Debug|Any CPU.Build.0 = Debug|Any CPU
		{7A76504A-51D8-446D-AA7D-00EC4A19915A}.Release|Any CPU.ActiveCfg = Release|Any CPU
		{7A76504A-51D8-446D-AA7D-00EC4A19915A}.Release|Any CPU.Build.0 = Release|Any CPU
		{4906B405-E2E3-4B25-A0A4-B36812E0A515}.Debug|Any CPU.ActiveCfg = Debug|Any CPU
		{4906B405-E2E3-4B25-A0A4-B36812E0A515}.Debug|Any CPU.Build.0 = Debug|Any CPU
		{4906B405-E2E3-4B25-A0A4-B36812E0A515}.Release|Any CPU.ActiveCfg = Release|Any CPU
		{4906B405-E2E3-4B25-A0A4-B36812E0A515}.Release|Any CPU.Build.0 = Release|Any CPU
		{C40FFEE7-BB09-4F96-BDE2-930AC9908174}.Debug|Any CPU.ActiveCfg = Debug|Any CPU
		{C40FFEE7-BB09-4F96-BDE2-930AC9908174}.Debug|Any CPU.Build.0 = Debug|Any CPU
		{C40FFEE7-BB09-4F96-BDE2-930AC9908174}.Release|Any CPU.ActiveCfg = Release|Any CPU
		{C40FFEE7-BB09-4F96-BDE2-930AC9908174}.Release|Any CPU.Build.0 = Release|Any CPU
		{BD6B5555-582F-4B3C-89B7-EBC20F5FEF91}.Debug|Any CPU.ActiveCfg = Debug|Any CPU
		{BD6B5555-582F-4B3C-89B7-EBC20F5FEF91}.Debug|Any CPU.Build.0 = Debug|Any CPU
		{BD6B5555-582F-4B3C-89B7-EBC20F5FEF91}.Release|Any CPU.ActiveCfg = Release|Any CPU
		{BD6B5555-582F-4B3C-89B7-EBC20F5FEF91}.Release|Any CPU.Build.0 = Release|Any CPU
		{39060BF3-28E0-49FE-8CB6-A92683FFA49A}.Debug|Any CPU.ActiveCfg = Debug|Any CPU
		{39060BF3-28E0-49FE-8CB6-A92683FFA49A}.Debug|Any CPU.Build.0 = Debug|Any CPU
		{39060BF3-28E0-49FE-8CB6-A92683FFA49A}.Release|Any CPU.ActiveCfg = Release|Any CPU
		{39060BF3-28E0-49FE-8CB6-A92683FFA49A}.Release|Any CPU.Build.0 = Release|Any CPU
		{B6135461-89CE-4736-9CAB-133C3D575AB9}.Debug|Any CPU.ActiveCfg = Debug|Any CPU
		{B6135461-89CE-4736-9CAB-133C3D575AB9}.Debug|Any CPU.Build.0 = Debug|Any CPU
		{B6135461-89CE-4736-9CAB-133C3D575AB9}.Release|Any CPU.ActiveCfg = Release|Any CPU
		{B6135461-89CE-4736-9CAB-133C3D575AB9}.Release|Any CPU.Build.0 = Release|Any CPU
		{CA8AAFB5-E447-48AB-B289-7BC8151A92D6}.Debug|Any CPU.ActiveCfg = Debug|Any CPU
		{CA8AAFB5-E447-48AB-B289-7BC8151A92D6}.Debug|Any CPU.Build.0 = Debug|Any CPU
		{CA8AAFB5-E447-48AB-B289-7BC8151A92D6}.Release|Any CPU.ActiveCfg = Release|Any CPU
		{CA8AAFB5-E447-48AB-B289-7BC8151A92D6}.Release|Any CPU.Build.0 = Release|Any CPU
		{FD54586C-EB27-4E3D-8227-3E2CF516AE66}.Debug|Any CPU.ActiveCfg = Debug|Any CPU
		{FD54586C-EB27-4E3D-8227-3E2CF516AE66}.Debug|Any CPU.Build.0 = Debug|Any CPU
		{FD54586C-EB27-4E3D-8227-3E2CF516AE66}.Release|Any CPU.ActiveCfg = Release|Any CPU
		{FD54586C-EB27-4E3D-8227-3E2CF516AE66}.Release|Any CPU.Build.0 = Release|Any CPU
		{51112942-509F-40A8-87BB-142DF605602B}.Debug|Any CPU.ActiveCfg = Debug|Any CPU
		{51112942-509F-40A8-87BB-142DF605602B}.Debug|Any CPU.Build.0 = Debug|Any CPU
		{51112942-509F-40A8-87BB-142DF605602B}.Release|Any CPU.ActiveCfg = Release|Any CPU
		{51112942-509F-40A8-87BB-142DF605602B}.Release|Any CPU.Build.0 = Release|Any CPU
		{2BF6B02C-5823-4BB8-B368-818E5BF110B4}.Debug|Any CPU.ActiveCfg = Debug|Any CPU
		{2BF6B02C-5823-4BB8-B368-818E5BF110B4}.Debug|Any CPU.Build.0 = Debug|Any CPU
		{2BF6B02C-5823-4BB8-B368-818E5BF110B4}.Release|Any CPU.ActiveCfg = Release|Any CPU
		{2BF6B02C-5823-4BB8-B368-818E5BF110B4}.Release|Any CPU.Build.0 = Release|Any CPU
		{2F43F4C6-2E66-4423-8F76-E53C0A3ABFF1}.Debug|Any CPU.ActiveCfg = Debug|Any CPU
		{2F43F4C6-2E66-4423-8F76-E53C0A3ABFF1}.Debug|Any CPU.Build.0 = Debug|Any CPU
		{2F43F4C6-2E66-4423-8F76-E53C0A3ABFF1}.Release|Any CPU.ActiveCfg = Release|Any CPU
		{2F43F4C6-2E66-4423-8F76-E53C0A3ABFF1}.Release|Any CPU.Build.0 = Release|Any CPU
		{86DE0C63-B4DE-406F-9D27-49AD6D78687B}.Debug|Any CPU.ActiveCfg = Debug|Any CPU
		{86DE0C63-B4DE-406F-9D27-49AD6D78687B}.Debug|Any CPU.Build.0 = Debug|Any CPU
		{86DE0C63-B4DE-406F-9D27-49AD6D78687B}.Release|Any CPU.ActiveCfg = Release|Any CPU
		{86DE0C63-B4DE-406F-9D27-49AD6D78687B}.Release|Any CPU.Build.0 = Release|Any CPU
		{ED9D51C0-72C6-4944-8CD5-38D9B2FE2725}.Debug|Any CPU.ActiveCfg = Debug|Any CPU
		{ED9D51C0-72C6-4944-8CD5-38D9B2FE2725}.Debug|Any CPU.Build.0 = Debug|Any CPU
		{ED9D51C0-72C6-4944-8CD5-38D9B2FE2725}.Release|Any CPU.ActiveCfg = Release|Any CPU
		{ED9D51C0-72C6-4944-8CD5-38D9B2FE2725}.Release|Any CPU.Build.0 = Release|Any CPU
		{C7FA7989-A117-4282-B78F-26031D81B130}.Debug|Any CPU.ActiveCfg = Debug|Any CPU
		{C7FA7989-A117-4282-B78F-26031D81B130}.Debug|Any CPU.Build.0 = Debug|Any CPU
		{C7FA7989-A117-4282-B78F-26031D81B130}.Release|Any CPU.ActiveCfg = Release|Any CPU
		{C7FA7989-A117-4282-B78F-26031D81B130}.Release|Any CPU.Build.0 = Release|Any CPU
		{97C3E9A4-6B47-4F3D-9C4E-E69AC7571421}.Debug|Any CPU.ActiveCfg = Debug|Any CPU
		{97C3E9A4-6B47-4F3D-9C4E-E69AC7571421}.Debug|Any CPU.Build.0 = Debug|Any CPU
		{97C3E9A4-6B47-4F3D-9C4E-E69AC7571421}.Release|Any CPU.ActiveCfg = Release|Any CPU
		{97C3E9A4-6B47-4F3D-9C4E-E69AC7571421}.Release|Any CPU.Build.0 = Release|Any CPU
		{8B534AEA-FC1D-49D0-BA91-D989B09D1B40}.Debug|Any CPU.ActiveCfg = Debug|Any CPU
		{8B534AEA-FC1D-49D0-BA91-D989B09D1B40}.Debug|Any CPU.Build.0 = Debug|Any CPU
		{8B534AEA-FC1D-49D0-BA91-D989B09D1B40}.Release|Any CPU.ActiveCfg = Release|Any CPU
		{8B534AEA-FC1D-49D0-BA91-D989B09D1B40}.Release|Any CPU.Build.0 = Release|Any CPU
		{36A37E47-5756-4A60-82DD-489758681AC8}.Debug|Any CPU.ActiveCfg = Debug|Any CPU
		{36A37E47-5756-4A60-82DD-489758681AC8}.Debug|Any CPU.Build.0 = Debug|Any CPU
		{36A37E47-5756-4A60-82DD-489758681AC8}.Release|Any CPU.ActiveCfg = Release|Any CPU
		{36A37E47-5756-4A60-82DD-489758681AC8}.Release|Any CPU.Build.0 = Release|Any CPU
	EndGlobalSection
	GlobalSection(SolutionProperties) = preSolution
		HideSolutionNode = FALSE
	EndGlobalSection
	GlobalSection(ExtensibilityGlobals) = postSolution
		SolutionGuid = {3FE0589A-A9F6-4DA0-89BC-0446920E57E4}
	EndGlobalSection
EndGlobal
