
Microsoft Visual Studio Solution File, Format Version 12.00
# Visual Studio Version 16
VisualStudioVersion = 16.0.30523.141
MinimumVisualStudioVersion = 10.0.40219.1
Project("{FAE04EC0-301F-11D3-BF4B-00C04F79EFBC}") = "feladat12_1", "feladat12_1\feladat12_1.csproj", "{DDDE47C1-8777-419C-B0D3-B60590970D75}"
EndProject
Project("{FAE04EC0-301F-11D3-BF4B-00C04F79EFBC}") = "feladat12_2", "feladat12_2\feladat12_2.csproj", "{B1614BB1-62D2-4D29-B92D-52C7C3F1DF43}"
EndProject
Project("{FAE04EC0-301F-11D3-BF4B-00C04F79EFBC}") = "feladat12_3", "feladat12_3\feladat12_3.csproj", "{7A76504A-51D8-446D-AA7D-00EC4A19915A}"
EndProject
Project("{FAE04EC0-301F-11D3-BF4B-00C04F79EFBC}") = "feladat12_4", "feladat12_4\feladat12_4.csproj", "{4906B405-E2E3-4B25-A0A4-B36812E0A515}"
EndProject
Project("{FAE04EC0-301F-11D3-BF4B-00C04F79EFBC}") = "feladat12_5", "feladat12_5\feladat12_5.csproj", "{C40FFEE7-BB09-4F96-BDE2-930AC9908174}"
EndProject
Global
	GlobalSection(SolutionConfigurationPlatforms) = preSolution
		Debug|Any CPU = Debug|Any CPU
		Release|Any CPU = Release|Any CPU
	EndGlobalSection
	GlobalSection(ProjectConfigurationPlatforms) = postSolution
		{DDDE47C1-8777-419C-B0D3-B60590970D75}.Debug|Any CPU.ActiveCfg = Debug|Any CPU
		{DDDE47C1-8777-419C-B0D3-B60590970D75}.Debug|Any CPU.Build.0 = Debug|Any CPU
		{DDDE47C1-8777-419C-B0D3-B60590970D75}.Release|Any CPU.ActiveCfg = Release|Any CPU
		{DDDE47C1-8777-419C-B0D3-B60590970D75}.Release|Any CPU.Build.0 = Release|Any CPU
		{B1614BB1-62D2-4D29-B92D-52C7C3F1DF43}.Debug|Any CPU.ActiveCfg = Debug|Any CPU
		{B1614BB1-62D2-4D29-B92D-52C7C3F1DF43}.Debug|Any CPU.Build.0 = Debug|Any CPU
		{B1614BB1-62D2-4D29-B92D-52C7C3F1DF43}.Release|Any CPU.ActiveCfg = Release|Any CPU
		{B1614BB1-62D2-4D29-B92D-52C7C3F1DF43}.Release|Any CPU.Build.0 = Release|Any CPU
		{7A76504A-51D8-446D-AA7D-00EC4A19915A}.Debug|Any CPU.ActiveCfg = Debug|Any CPU
		{7A76504A-51D8-446D-AA7D-00EC4A19915A}.Debug|Any CPU.Build.0 = Debug|Any CPU
		{7A76504A-51D8-446D-AA7D-00EC4A19915A}.Release|Any CPU.ActiveCfg = Release|Any CPU
		{7A76504A-51D8-446D-AA7D-00EC4A19915A}.Release|Any CPU.Build.0 = Release|Any CPU
		{4906B405-E2E3-4B25-A0A4-B36812E0A515}.Debug|Any CPU.ActiveCfg = Debug|Any CPU
		{4906B405-E2E3-4B25-A0A4-B36812E0A515}.Debug|Any CPU.Build.0 = Debug|Any CPU
		{4906B405-E2E3-4B25-A0A4-B36812E0A515}.Release|Any CPU.ActiveCfg = Release|Any CPU
		{4906B405-E2E3-4B25-A0A4-B36812E0A515}.Release|Any CPU.Build.0 = Release|Any CPU
		{C40FFEE7-BB09-4F96-BDE2-930AC9908174}.Debug|Any CPU.ActiveCfg = Debug|Any CPU
		{C40FFEE7-BB09-4F96-BDE2-930AC9908174}.Debug|Any CPU.Build.0 = Debug|Any CPU
		{C40FFEE7-BB09-4F96-BDE2-930AC9908174}.Release|Any CPU.ActiveCfg = Release|Any CPU
		{C40FFEE7-BB09-4F96-BDE2-930AC9908174}.Release|Any CPU.Build.0 = Release|Any CPU
	EndGlobalSection
	GlobalSection(SolutionProperties) = preSolution
		HideSolutionNode = FALSE
	EndGlobalSection
	GlobalSection(ExtensibilityGlobals) = postSolution
		SolutionGuid = {3FE0589A-A9F6-4DA0-89BC-0446920E57E4}
	EndGlobalSection
EndGlobal
